
Microsoft Visual Studio Solution File, Format Version 12.00
# Visual Studio Version 17
VisualStudioVersion = 17.13.35913.81 d17.13
MinimumVisualStudioVersion = 10.0.40219.1
Project("{FAE04EC0-301F-11D3-BF4B-00C04F79EFBC}") = "CodeBro.Server", "CodeBro.Server.csproj", "{BC6BDBC6-2F61-4CAD-A6DA-9CB83FB1CDB6}"
EndProject
Global
	GlobalSection(SolutionConfigurationPlatforms) = preSolution
		Debug|Any CPU = Debug|Any CPU
		Release|Any CPU = Release|Any CPU
	EndGlobalSection
	GlobalSection(ProjectConfigurationPlatforms) = postSolution
		{BC6BDBC6-2F61-4CAD-A6DA-9CB83FB1CDB6}.Debug|Any CPU.ActiveCfg = Debug|Any CPU
		{BC6BDBC6-2F61-4CAD-A6DA-9CB83FB1CDB6}.Debug|Any CPU.Build.0 = Debug|Any CPU
		{BC6BDBC6-2F61-4CAD-A6DA-9CB83FB1CDB6}.Release|Any CPU.ActiveCfg = Release|Any CPU
		{BC6BDBC6-2F61-4CAD-A6DA-9CB83FB1CDB6}.Release|Any CPU.Build.0 = Release|Any CPU
	EndGlobalSection
	GlobalSection(SolutionProperties) = preSolution
		HideSolutionNode = FALSE
	EndGlobalSection
	GlobalSection(ExtensibilityGlobals) = postSolution
		SolutionGuid = {A9E6F191-91D1-46D2-BD5F-5DCC52C05BF8}
	EndGlobalSection
EndGlobal
